// !$*UTF8*$!
{
	archiveVersion = 1;
	classes = {
	};
	objectVersion = 46;
	objects = {

/* Begin PBXBuildFile section */
		6FAC1EA41A63A3D700E2BD04 /* main.m in Sources */ = {isa = PBXBuildFile; fileRef = 6FAC1EA31A63A3D700E2BD04 /* main.m */; };
		6FAC1EA71A63A3D700E2BD04 /* AppDelegate.m in Sources */ = {isa = PBXBuildFile; fileRef = 6FAC1EA61A63A3D700E2BD04 /* AppDelegate.m */; };
		6FAC1EAA1A63A3D700E2BD04 /* ViewController.m in Sources */ = {isa = PBXBuildFile; fileRef = 6FAC1EA91A63A3D700E2BD04 /* ViewController.m */; };
		6FAC1EAD1A63A3D700E2BD04 /* Main.storyboard in Resources */ = {isa = PBXBuildFile; fileRef = 6FAC1EAB1A63A3D700E2BD04 /* Main.storyboard */; };
		6FAC1EAF1A63A3D700E2BD04 /* Images.xcassets in Resources */ = {isa = PBXBuildFile; fileRef = 6FAC1EAE1A63A3D700E2BD04 /* Images.xcassets */; };
		6FAC1EB21A63A3D700E2BD04 /* LaunchScreen.xib in Resources */ = {isa = PBXBuildFile; fileRef = 6FAC1EB01A63A3D700E2BD04 /* LaunchScreen.xib */; };
		6FAC1EBE1A63A3D700E2BD04 /* SimpleTableTests.m in Sources */ = {isa = PBXBuildFile; fileRef = 6FAC1EBD1A63A3D700E2BD04 /* SimpleTableTests.m */; };
		6FC9A5111A64CA0900C631AF /* codef.png in Resources */ = {isa = PBXBuildFile; fileRef = 6FC9A5101A64CA0900C631AF /* codef.png */; };
		E2368DB61A650B8F00390256 /* ip6plus.jpg in Resources */ = {isa = PBXBuildFile; fileRef = E2368DB11A650B8F00390256 /* ip6plus.jpg */; };
		E2368DB71A650B8F00390256 /* ipadAir2.jpg in Resources */ = {isa = PBXBuildFile; fileRef = E2368DB21A650B8F00390256 /* ipadAir2.jpg */; };
		E2368DB81A650B8F00390256 /* macbookair.jpg in Resources */ = {isa = PBXBuildFile; fileRef = E2368DB31A650B8F00390256 /* macbookair.jpg */; };
		E2368DB91A650B8F00390256 /* s4.png in Resources */ = {isa = PBXBuildFile; fileRef = E2368DB41A650B8F00390256 /* s4.png */; };
		E2368DBA1A650B8F00390256 /* xperiaz.png in Resources */ = {isa = PBXBuildFile; fileRef = E2368DB51A650B8F00390256 /* xperiaz.png */; };
/* End PBXBuildFile section */

/* Begin PBXContainerItemProxy section */
		6FAC1EB81A63A3D700E2BD04 /* PBXContainerItemProxy */ = {
			isa = PBXContainerItemProxy;
			containerPortal = 6FAC1E961A63A3D700E2BD04 /* Project object */;
			proxyType = 1;
			remoteGlobalIDString = 6FAC1E9D1A63A3D700E2BD04;
			remoteInfo = SimpleTable;
		};
/* End PBXContainerItemProxy section */

/* Begin PBXFileReference section */
		6FAC1E9E1A63A3D700E2BD04 /* SimpleTable.app */ = {isa = PBXFileReference; explicitFileType = wrapper.application; includeInIndex = 0; path = SimpleTable.app; sourceTree = BUILT_PRODUCTS_DIR; };
		6FAC1EA21A63A3D700E2BD04 /* Info.plist */ = {isa = PBXFileReference; lastKnownFileType = text.plist.xml; path = Info.plist; sourceTree = "<group>"; };
		6FAC1EA31A63A3D700E2BD04 /* main.m */ = {isa = PBXFileReference; lastKnownFileType = sourcecode.c.objc; path = main.m; sourceTree = "<group>"; };
		6FAC1EA51A63A3D700E2BD04 /* AppDelegate.h */ = {isa = PBXFileReference; lastKnownFileType = sourcecode.c.h; path = AppDelegate.h; sourceTree = "<group>"; };
		6FAC1EA61A63A3D700E2BD04 /* AppDelegate.m */ = {isa = PBXFileReference; lastKnownFileType = sourcecode.c.objc; path = AppDelegate.m; sourceTree = "<group>"; };
		6FAC1EA81A63A3D700E2BD04 /* ViewController.h */ = {isa = PBXFileReference; lastKnownFileType = sourcecode.c.h; path = ViewController.h; sourceTree = "<group>"; };
		6FAC1EA91A63A3D700E2BD04 /* ViewController.m */ = {isa = PBXFileReference; lastKnownFileType = sourcecode.c.objc; path = ViewController.m; sourceTree = "<group>"; };
		6FAC1EAC1A63A3D700E2BD04 /* Base */ = {isa = PBXFileReference; lastKnownFileType = file.storyboard; name = Base; path = Base.lproj/Main.storyboard; sourceTree = "<group>"; };
		6FAC1EAE1A63A3D700E2BD04 /* Images.xcassets */ = {isa = PBXFileReference; lastKnownFileType = folder.assetcatalog; path = Images.xcassets; sourceTree = "<group>"; };
		6FAC1EB11A63A3D700E2BD04 /* Base */ = {isa = PBXFileReference; lastKnownFileType = file.xib; name = Base; path = Base.lproj/LaunchScreen.xib; sourceTree = "<group>"; };
		6FAC1EB71A63A3D700E2BD04 /* SimpleTableTests.xctest */ = {isa = PBXFileReference; explicitFileType = wrapper.cfbundle; includeInIndex = 0; path = SimpleTableTests.xctest; sourceTree = BUILT_PRODUCTS_DIR; };
		6FAC1EBC1A63A3D700E2BD04 /* Info.plist */ = {isa = PBXFileReference; lastKnownFileType = text.plist.xml; path = Info.plist; sourceTree = "<group>"; };
		6FAC1EBD1A63A3D700E2BD04 /* SimpleTableTests.m */ = {isa = PBXFileReference; lastKnownFileType = sourcecode.c.objc; path = SimpleTableTests.m; sourceTree = "<group>"; };
		6FC9A5101A64CA0900C631AF /* codef.png */ = {isa = PBXFileReference; lastKnownFileType = image.png; path = codef.png; sourceTree = "<group>"; };
		E2368DB11A650B8F00390256 /* ip6plus.jpg */ = {isa = PBXFileReference; lastKnownFileType = image.jpeg; path = ip6plus.jpg; sourceTree = "<group>"; };
		E2368DB21A650B8F00390256 /* ipadAir2.jpg */ = {isa = PBXFileReference; lastKnownFileType = image.jpeg; path = ipadAir2.jpg; sourceTree = "<group>"; };
		E2368DB31A650B8F00390256 /* macbookair.jpg */ = {isa = PBXFileReference; lastKnownFileType = image.jpeg; path = macbookair.jpg; sourceTree = "<group>"; };
		E2368DB41A650B8F00390256 /* s4.png */ = {isa = PBXFileReference; lastKnownFileType = image.png; path = s4.png; sourceTree = "<group>"; };
		E2368DB51A650B8F00390256 /* xperiaz.png */ = {isa = PBXFileReference; lastKnownFileType = image.png; path = xperiaz.png; sourceTree = "<group>"; };
/* End PBXFileReference section */

/* Begin PBXFrameworksBuildPhase section */
		6FAC1E9B1A63A3D700E2BD04 /* Frameworks */ = {
			isa = PBXFrameworksBuildPhase;
			buildActionMask = 2147483647;
			files = (
			);
			runOnlyForDeploymentPostprocessing = 0;
		};
		6FAC1EB41A63A3D700E2BD04 /* Frameworks */ = {
			isa = PBXFrameworksBuildPhase;
			buildActionMask = 2147483647;
			files = (
			);
			runOnlyForDeploymentPostprocessing = 0;
		};
/* End PBXFrameworksBuildPhase section */

/* Begin PBXGroup section */
		6FAC1E951A63A3D700E2BD04 = {
			isa = PBXGroup;
			children = (
				6FAC1EA01A63A3D700E2BD04 /* SimpleTable */,
				6FAC1EBA1A63A3D700E2BD04 /* SimpleTableTests */,
				6FAC1E9F1A63A3D700E2BD04 /* Products */,
			);
			sourceTree = "<group>";
		};
		6FAC1E9F1A63A3D700E2BD04 /* Products */ = {
			isa = PBXGroup;
			children = (
				6FAC1E9E1A63A3D700E2BD04 /* SimpleTable.app */,
				6FAC1EB71A63A3D700E2BD04 /* SimpleTableTests.xctest */,
			);
			name = Products;
			sourceTree = "<group>";
		};
		6FAC1EA01A63A3D700E2BD04 /* SimpleTable */ = {
			isa = PBXGroup;
			children = (
				6FC9A5101A64CA0900C631AF /* codef.png */,
				6FAC1EA51A63A3D700E2BD04 /* AppDelegate.h */,
				6FAC1EA61A63A3D700E2BD04 /* AppDelegate.m */,
				6FAC1EA81A63A3D700E2BD04 /* ViewController.h */,
				6FAC1EA91A63A3D700E2BD04 /* ViewController.m */,
				6FAC1EAB1A63A3D700E2BD04 /* Main.storyboard */,
				E2368DBB1A650B9500390256 /* images */,
				6FAC1EAE1A63A3D700E2BD04 /* Images.xcassets */,
				6FAC1EB01A63A3D700E2BD04 /* LaunchScreen.xib */,
				6FAC1EA11A63A3D700E2BD04 /* Supporting Files */,
			);
			path = SimpleTable;
			sourceTree = "<group>";
		};
		6FAC1EA11A63A3D700E2BD04 /* Supporting Files */ = {
			isa = PBXGroup;
			children = (
				6FAC1EA21A63A3D700E2BD04 /* Info.plist */,
				6FAC1EA31A63A3D700E2BD04 /* main.m */,
			);
			name = "Supporting Files";
			sourceTree = "<group>";
		};
		6FAC1EBA1A63A3D700E2BD04 /* SimpleTableTests */ = {
			isa = PBXGroup;
			children = (
				6FAC1EBD1A63A3D700E2BD04 /* SimpleTableTests.m */,
				6FAC1EBB1A63A3D700E2BD04 /* Supporting Files */,
			);
			path = SimpleTableTests;
			sourceTree = "<group>";
		};
		6FAC1EBB1A63A3D700E2BD04 /* Supporting Files */ = {
			isa = PBXGroup;
			children = (
				6FAC1EBC1A63A3D700E2BD04 /* Info.plist */,
			);
			name = "Supporting Files";
			sourceTree = "<group>";
		};
		E2368DBB1A650B9500390256 /* images */ = {
			isa = PBXGroup;
			children = (
				E2368DB11A650B8F00390256 /* ip6plus.jpg */,
				E2368DB21A650B8F00390256 /* ipadAir2.jpg */,
				E2368DB31A650B8F00390256 /* macbookair.jpg */,
				E2368DB41A650B8F00390256 /* s4.png */,
				E2368DB51A650B8F00390256 /* xperiaz.png */,
			);
			name = images;
			sourceTree = "<group>";
		};
/* End PBXGroup section */

/* Begin PBXNativeTarget section */
		6FAC1E9D1A63A3D700E2BD04 /* SimpleTable */ = {
			isa = PBXNativeTarget;
			buildConfigurationList = 6FAC1EC11A63A3D700E2BD04 /* Build configuration list for PBXNativeTarget "SimpleTable" */;
			buildPhases = (
				6FAC1E9A1A63A3D700E2BD04 /* Sources */,
				6FAC1E9B1A63A3D700E2BD04 /* Frameworks */,
				6FAC1E9C1A63A3D700E2BD04 /* Resources */,
			);
			buildRules = (
			);
			dependencies = (
			);
			name = SimpleTable;
			productName = SimpleTable;
			productReference = 6FAC1E9E1A63A3D700E2BD04 /* SimpleTable.app */;
			productType = "com.apple.product-type.application";
		};
		6FAC1EB61A63A3D700E2BD04 /* SimpleTableTests */ = {
			isa = PBXNativeTarget;
			buildConfigurationList = 6FAC1EC41A63A3D700E2BD04 /* Build configuration list for PBXNativeTarget "SimpleTableTests" */;
			buildPhases = (
				6FAC1EB31A63A3D700E2BD04 /* Sources */,
				6FAC1EB41A63A3D700E2BD04 /* Frameworks */,
				6FAC1EB51A63A3D700E2BD04 /* Resources */,
			);
			buildRules = (
			);
			dependencies = (
				6FAC1EB91A63A3D700E2BD04 /* PBXTargetDependency */,
			);
			name = SimpleTableTests;
			productName = SimpleTableTests;
			productReference = 6FAC1EB71A63A3D700E2BD04 /* SimpleTableTests.xctest */;
			productType = "com.apple.product-type.bundle.unit-test";
		};
/* End PBXNativeTarget section */

/* Begin PBXProject section */
		6FAC1E961A63A3D700E2BD04 /* Project object */ = {
			isa = PBXProject;
			attributes = {
				LastUpgradeCheck = 0610;
				ORGANIZATIONNAME = CodeF;
				TargetAttributes = {
					6FAC1E9D1A63A3D700E2BD04 = {
						CreatedOnToolsVersion = 6.1.1;
					};
					6FAC1EB61A63A3D700E2BD04 = {
						CreatedOnToolsVersion = 6.1.1;
						TestTargetID = 6FAC1E9D1A63A3D700E2BD04;
					};
				};
			};
			buildConfigurationList = 6FAC1E991A63A3D700E2BD04 /* Build configuration list for PBXProject "SimpleTable" */;
			compatibilityVersion = "Xcode 3.2";
			developmentRegion = English;
			hasScannedForEncodings = 0;
			knownRegions = (
				en,
				Base,
			);
			mainGroup = 6FAC1E951A63A3D700E2BD04;
			productRefGroup = 6FAC1E9F1A63A3D700E2BD04 /* Products */;
			projectDirPath = "";
			projectRoot = "";
			targets = (
				6FAC1E9D1A63A3D700E2BD04 /* SimpleTable */,
				6FAC1EB61A63A3D700E2BD04 /* SimpleTableTests */,
			);
		};
/* End PBXProject section */

/* Begin PBXResourcesBuildPhase section */
		6FAC1E9C1A63A3D700E2BD04 /* Resources */ = {
			isa = PBXResourcesBuildPhase;
			buildActionMask = 2147483647;
			files = (
				E2368DB91A650B8F00390256 /* s4.png in Resources */,
				6FAC1EAD1A63A3D700E2BD04 /* Main.storyboard in Resources */,
				6FC9A5111A64CA0900C631AF /* codef.png in Resources */,
				6FAC1EB21A63A3D700E2BD04 /* LaunchScreen.xib in Resources */,
				E2368DB71A650B8F00390256 /* ipadAir2.jpg in Resources */,
				E2368DB61A650B8F00390256 /* ip6plus.jpg in Resources */,
				E2368DB81A650B8F00390256 /* macbookair.jpg in Resources */,
				E2368DBA1A650B8F00390256 /* xperiaz.png in Resources */,
				6FAC1EAF1A63A3D700E2BD04 /* Images.xcassets in Resources */,
			);
			runOnlyForDeploymentPostprocessing = 0;
		};
		6FAC1EB51A63A3D700E2BD04 /* Resources */ = {
			isa = PBXResourcesBuildPhase;
			buildActionMask = 2147483647;
			files = (
			);
			runOnlyForDeploymentPostprocessing = 0;
		};
/* End PBXResourcesBuildPhase section */

/* Begin PBXSourcesBuildPhase section */
		6FAC1E9A1A63A3D700E2BD04 /* Sources */ = {
			isa = PBXSourcesBuildPhase;
			buildActionMask = 2147483647;
			files = (
				6FAC1EAA1A63A3D700E2BD04 /* ViewController.m in Sources */,
				6FAC1EA71A63A3D700E2BD04 /* AppDelegate.m in Sources */,
				6FAC1EA41A63A3D700E2BD04 /* main.m in Sources */,
			);
			runOnlyForDeploymentPostprocessing = 0;
		};
		6FAC1EB31A63A3D700E2BD04 /* Sources */ = {
			isa = PBXSourcesBuildPhase;
			buildActionMask = 2147483647;
			files = (
				6FAC1EBE1A63A3D700E2BD04 /* SimpleTableTests.m in Sources */,
			);
			runOnlyForDeploymentPostprocessing = 0;
		};
/* End PBXSourcesBuildPhase section */

/* Begin PBXTargetDependency section */
		6FAC1EB91A63A3D700E2BD04 /* PBXTargetDependency */ = {
			isa = PBXTargetDependency;
			target = 6FAC1E9D1A63A3D700E2BD04 /* SimpleTable */;
			targetProxy = 6FAC1EB81A63A3D700E2BD04 /* PBXContainerItemProxy */;
		};
/* End PBXTargetDependency section */

/* Begin PBXVariantGroup section */
		6FAC1EAB1A63A3D700E2BD04 /* Main.storyboard */ = {
			isa = PBXVariantGroup;
			children = (
				6FAC1EAC1A63A3D700E2BD04 /* Base */,
			);
			name = Main.storyboard;
			sourceTree = "<group>";
		};
		6FAC1EB01A63A3D700E2BD04 /* LaunchScreen.xib */ = {
			isa = PBXVariantGroup;
			children = (
				6FAC1EB11A63A3D700E2BD04 /* Base */,
			);
			name = LaunchScreen.xib;
			sourceTree = "<group>";
		};
/* End PBXVariantGroup section */

/* Begin XCBuildConfiguration section */
		6FAC1EBF1A63A3D700E2BD04 /* Debug */ = {
			isa = XCBuildConfiguration;
			buildSettings = {
				ALWAYS_SEARCH_USER_PATHS = NO;
				CLANG_CXX_LANGUAGE_STANDARD = "gnu++0x";
				CLANG_CXX_LIBRARY = "libc++";
				CLANG_ENABLE_MODULES = YES;
				CLANG_ENABLE_OBJC_ARC = YES;
				CLANG_WARN_BOOL_CONVERSION = YES;
				CLANG_WARN_CONSTANT_CONVERSION = YES;
				CLANG_WARN_DIRECT_OBJC_ISA_USAGE = YES_ERROR;
				CLANG_WARN_EMPTY_BODY = YES;
				CLANG_WARN_ENUM_CONVERSION = YES;
				CLANG_WARN_INT_CONVERSION = YES;
				CLANG_WARN_OBJC_ROOT_CLASS = YES_ERROR;
				CLANG_WARN_UNREACHABLE_CODE = YES;
				CLANG_WARN__DUPLICATE_METHOD_MATCH = YES;
				"CODE_SIGN_IDENTITY[sdk=iphoneos*]" = "iPhone Developer";
				COPY_PHASE_STRIP = NO;
				ENABLE_STRICT_OBJC_MSGSEND = YES;
				GCC_C_LANGUAGE_STANDARD = gnu99;
				GCC_DYNAMIC_NO_PIC = NO;
				GCC_OPTIMIZATION_LEVEL = 0;
				GCC_PREPROCESSOR_DEFINITIONS = (
					"DEBUG=1",
					"$(inherited)",
				);
				GCC_SYMBOLS_PRIVATE_EXTERN = NO;
				GCC_WARN_64_TO_32_BIT_CONVERSION = YES;
				GCC_WARN_ABOUT_RETURN_TYPE = YES_ERROR;
				GCC_WARN_UNDECLARED_SELECTOR = YES;
				GCC_WARN_UNINITIALIZED_AUTOS = YES_AGGRESSIVE;
				GCC_WARN_UNUSED_FUNCTION = YES;
				GCC_WARN_UNUSED_VARIABLE = YES;
				IPHONEOS_DEPLOYMENT_TARGET = 8.1;
				MTL_ENABLE_DEBUG_INFO = YES;
				ONLY_ACTIVE_ARCH = YES;
				SDKROOT = iphoneos;
			};
			name = Debug;
		};
		6FAC1EC01A63A3D700E2BD04 /* Release */ = {
			isa = XCBuildConfiguration;
			buildSettings = {
				ALWAYS_SEARCH_USER_PATHS = NO;
				CLANG_CXX_LANGUAGE_STANDARD = "gnu++0x";
				CLANG_CXX_LIBRARY = "libc++";
				CLANG_ENABLE_MODULES = YES;
				CLANG_ENABLE_OBJC_ARC = YES;
				CLANG_WARN_BOOL_CONVERSION = YES;
				CLANG_WARN_CONSTANT_CONVERSION = YES;
				CLANG_WARN_DIRECT_OBJC_ISA_USAGE = YES_ERROR;
				CLANG_WARN_EMPTY_BODY = YES;
				CLANG_WARN_ENUM_CONVERSION = YES;
				CLANG_WARN_INT_CONVERSION = YES;
				CLANG_WARN_OBJC_ROOT_CLASS = YES_ERROR;
				CLANG_WARN_UNREACHABLE_CODE = YES;
				CLANG_WARN__DUPLICATE_METHOD_MATCH = YES;
				"CODE_SIGN_IDENTITY[sdk=iphoneos*]" = "iPhone Developer";
				COPY_PHASE_STRIP = YES;
				ENABLE_NS_ASSERTIONS = NO;
				ENABLE_STRICT_OBJC_MSGSEND = YES;
				GCC_C_LANGUAGE_STANDARD = gnu99;
				GCC_WARN_64_TO_32_BIT_CONVERSION = YES;
				GCC_WARN_ABOUT_RETURN_TYPE = YES_ERROR;
				GCC_WARN_UNDECLARED_SELECTOR = YES;
				GCC_WARN_UNINITIALIZED_AUTOS = YES_AGGRESSIVE;
				GCC_WARN_UNUSED_FUNCTION = YES;
				GCC_WARN_UNUSED_VARIABLE = YES;
				IPHONEOS_DEPLOYMENT_TARGET = 8.1;
				MTL_ENABLE_DEBUG_INFO = NO;
				SDKROOT = iphoneos;
				VALIDATE_PRODUCT = YES;
			};
			name = Release;
		};
		6FAC1EC21A63A3D700E2BD04 /* Debug */ = {
			isa = XCBuildConfiguration;
			buildSettings = {
				ASSETCATALOG_COMPILER_APPICON_NAME = AppIcon;
				INFOPLIST_FILE = SimpleTable/Info.plist;
				LD_RUNPATH_SEARCH_PATHS = "$(inherited) @executable_path/Frameworks";
				PRODUCT_NAME = "$(TARGET_NAME)";
			};
			name = Debug;
		};
		6FAC1EC31A63A3D700E2BD04 /* Release */ = {
			isa = XCBuildConfiguration;
			buildSettings = {
				ASSETCATALOG_COMPILER_APPICON_NAME = AppIcon;
				INFOPLIST_FILE = SimpleTable/Info.plist;
				LD_RUNPATH_SEARCH_PATHS = "$(inherited) @executable_path/Frameworks";
				PRODUCT_NAME = "$(TARGET_NAME)";
			};
			name = Release;
		};
		6FAC1EC51A63A3D700E2BD04 /* Debug */ = {
			isa = XCBuildConfiguration;
			buildSettings = {
				BUNDLE_LOADER = "$(TEST_HOST)";
				FRAMEWORK_SEARCH_PATHS = (
					"$(SDKROOT)/Developer/Library/Frameworks",
					"$(inherited)",
				);
				GCC_PREPROCESSOR_DEFINITIONS = (
					"DEBUG=1",
					"$(inherited)",
				);
				INFOPLIST_FILE = SimpleTableTests/Info.plist;
				LD_RUNPATH_SEARCH_PATHS = "$(inherited) @executable_path/Frameworks @loader_path/Frameworks";
				PRODUCT_NAME = "$(TARGET_NAME)";
				TEST_HOST = "$(BUILT_PRODUCTS_DIR)/SimpleTable.app/SimpleTable";
			};
			name = Debug;
		};
		6FAC1EC61A63A3D700E2BD04 /* Release */ = {
			isa = XCBuildConfiguration;
			buildSettings = {
				BUNDLE_LOADER = "$(TEST_HOST)";
				FRAMEWORK_SEARCH_PATHS = (
					"$(SDKROOT)/Developer/Library/Frameworks",
					"$(inherited)",
				);
				INFOPLIST_FILE = SimpleTableTests/Info.plist;
				LD_RUNPATH_SEARCH_PATHS = "$(inherited) @executable_path/Frameworks @loader_path/Frameworks";
				PRODUCT_NAME = "$(TARGET_NAME)";
				TEST_HOST = "$(BUILT_PRODUCTS_DIR)/SimpleTable.app/SimpleTable";
			};
			name = Release;
		};
/* End XCBuildConfiguration section */

/* Begin XCConfigurationList section */
		6FAC1E991A63A3D700E2BD04 /* Build configuration list for PBXProject "SimpleTable" */ = {
			isa = XCConfigurationList;
			buildConfigurations = (
				6FAC1EBF1A63A3D700E2BD04 /* Debug */,
				6FAC1EC01A63A3D700E2BD04 /* Release */,
			);
			defaultConfigurationIsVisible = 0;
			defaultConfigurationName = Release;
		};
		6FAC1EC11A63A3D700E2BD04 /* Build configuration list for PBXNativeTarget "SimpleTable" */ = {
			isa = XCConfigurationList;
			buildConfigurations = (
				6FAC1EC21A63A3D700E2BD04 /* Debug */,
				6FAC1EC31A63A3D700E2BD04 /* Release */,
			);
			defaultConfigurationIsVisible = 0;
			defaultConfigurationName = Release;
		};
		6FAC1EC41A63A3D700E2BD04 /* Build configuration list for PBXNativeTarget "SimpleTableTests" */ = {
			isa = XCConfigurationList;
			buildConfigurations = (
				6FAC1EC51A63A3D700E2BD04 /* Debug */,
				6FAC1EC61A63A3D700E2BD04 /* Release */,
			);
			defaultConfigurationIsVisible = 0;
			defaultConfigurationName = Release;
		};
/* End XCConfigurationList section */
	};
	rootObject = 6FAC1E961A63A3D700E2BD04 /* Project object */;
}
